
Microsoft Visual Studio Solution File, Format Version 12.00
# Visual Studio Version 16
VisualStudioVersion = 16.0.30621.155
MinimumVisualStudioVersion = 10.0.40219.1
Project("{9A19103F-16F7-4668-BE54-9A1E7A4F7556}") = "PM.WebServices", "PM.WebServices\PM.WebServices.csproj", "{96665684-70A7-4A9A-97F0-873B3F9EFC7C}"
EndProject
Global
	GlobalSection(SolutionConfigurationPlatforms) = preSolution
		Debug|Any CPU = Debug|Any CPU
		Release|Any CPU = Release|Any CPU
	EndGlobalSection
	GlobalSection(ProjectConfigurationPlatforms) = postSolution
		{96665684-70A7-4A9A-97F0-873B3F9EFC7C}.Debug|Any CPU.ActiveCfg = Debug|Any CPU
		{96665684-70A7-4A9A-97F0-873B3F9EFC7C}.Debug|Any CPU.Build.0 = Debug|Any CPU
		{96665684-70A7-4A9A-97F0-873B3F9EFC7C}.Release|Any CPU.ActiveCfg = Release|Any CPU
		{96665684-70A7-4A9A-97F0-873B3F9EFC7C}.Release|Any CPU.Build.0 = Release|Any CPU
	EndGlobalSection
	GlobalSection(SolutionProperties) = preSolution
		HideSolutionNode = FALSE
	EndGlobalSection
	GlobalSection(ExtensibilityGlobals) = postSolution
		SolutionGuid = {295E3068-E5D2-40C2-B24B-D6736924266E}
	EndGlobalSection
EndGlobal
