
Microsoft Visual Studio Solution File, Format Version 12.00
# Visual Studio Version 16
VisualStudioVersion = 16.0.29418.71
MinimumVisualStudioVersion = 10.0.40219.1
Project("{FAE04EC0-301F-11D3-BF4B-00C04F79EFBC}") = "BlazorBaseProject", "BlazorBaseProject\BlazorBaseProject.csproj", "{31C746CB-F8A5-4C5E-83AF-B175D673C92C}"
EndProject
Global
	GlobalSection(SolutionConfigurationPlatforms) = preSolution
		Debug|Any CPU = Debug|Any CPU
		Release|Any CPU = Release|Any CPU
	EndGlobalSection
	GlobalSection(ProjectConfigurationPlatforms) = postSolution
		{31C746CB-F8A5-4C5E-83AF-B175D673C92C}.Debug|Any CPU.ActiveCfg = Debug|Any CPU
		{31C746CB-F8A5-4C5E-83AF-B175D673C92C}.Debug|Any CPU.Build.0 = Debug|Any CPU
		{31C746CB-F8A5-4C5E-83AF-B175D673C92C}.Release|Any CPU.ActiveCfg = Release|Any CPU
		{31C746CB-F8A5-4C5E-83AF-B175D673C92C}.Release|Any CPU.Build.0 = Release|Any CPU
	EndGlobalSection
	GlobalSection(SolutionProperties) = preSolution
		HideSolutionNode = FALSE
	EndGlobalSection
	GlobalSection(ExtensibilityGlobals) = postSolution
		SolutionGuid = {4AFA4B75-1E86-4224-AAC9-63748C91E8BE}
	EndGlobalSection
EndGlobal
