
Microsoft Visual Studio Solution File, Format Version 12.00
# Visual Studio Version 16
VisualStudioVersion = 16.0.30711.63
MinimumVisualStudioVersion = 10.0.40219.1
Project("{FAE04EC0-301F-11D3-BF4B-00C04F79EFBC}") = "BaseTrainingProject", "BaseTrainingProject\BaseTrainingProject.csproj", "{0F910149-7889-4A2C-93A7-915544D0DA9F}"
EndProject
Global
	GlobalSection(SolutionConfigurationPlatforms) = preSolution
		Debug|Any CPU = Debug|Any CPU
		Release|Any CPU = Release|Any CPU
	EndGlobalSection
	GlobalSection(ProjectConfigurationPlatforms) = postSolution
		{0F910149-7889-4A2C-93A7-915544D0DA9F}.Debug|Any CPU.ActiveCfg = Debug|Any CPU
		{0F910149-7889-4A2C-93A7-915544D0DA9F}.Debug|Any CPU.Build.0 = Debug|Any CPU
		{0F910149-7889-4A2C-93A7-915544D0DA9F}.Release|Any CPU.ActiveCfg = Release|Any CPU
		{0F910149-7889-4A2C-93A7-915544D0DA9F}.Release|Any CPU.Build.0 = Release|Any CPU
	EndGlobalSection
	GlobalSection(SolutionProperties) = preSolution
		HideSolutionNode = FALSE
	EndGlobalSection
	GlobalSection(ExtensibilityGlobals) = postSolution
		SolutionGuid = {077F3DE9-03AD-4159-B733-FBA5E252434C}
	EndGlobalSection
EndGlobal
